// !$*UTF8*$!
{
	archiveVersion = 1;
	classes = {
	};
	objectVersion = 56;
	objects = {

/* Begin PBXBuildFile section */
		E17F90182ABBC84400231B68 /* SlotMachineApp.swift in Sources */ = {isa = PBXBuildFile; fileRef = E17F90172ABBC84400231B68 /* SlotMachineApp.swift */; };
		E17F901A2ABBC84400231B68 /* ContentView.swift in Sources */ = {isa = PBXBuildFile; fileRef = E17F90192ABBC84400231B68 /* ContentView.swift */; };
		E17F901C2ABBC84600231B68 /* Assets.xcassets in Resources */ = {isa = PBXBuildFile; fileRef = E17F901B2ABBC84600231B68 /* Assets.xcassets */; };
		E17F901F2ABBC84600231B68 /* Preview Assets.xcassets in Resources */ = {isa = PBXBuildFile; fileRef = E17F901E2ABBC84600231B68 /* Preview Assets.xcassets */; };
		E17F90292ABBC84600231B68 /* SlotMachineTests.swift in Sources */ = {isa = PBXBuildFile; fileRef = E17F90282ABBC84600231B68 /* SlotMachineTests.swift */; };
		E17F90332ABBC84600231B68 /* SlotMachineUITests.swift in Sources */ = {isa = PBXBuildFile; fileRef = E17F90322ABBC84600231B68 /* SlotMachineUITests.swift */; };
		E17F90352ABBC84600231B68 /* SlotMachineUITestsLaunchTests.swift in Sources */ = {isa = PBXBuildFile; fileRef = E17F90342ABBC84600231B68 /* SlotMachineUITestsLaunchTests.swift */; };
/* End PBXBuildFile section */

/* Begin PBXContainerItemProxy section */
		E17F90252ABBC84600231B68 /* PBXContainerItemProxy */ = {
			isa = PBXContainerItemProxy;
			containerPortal = E17F900C2ABBC84400231B68 /* Project object */;
			proxyType = 1;
			remoteGlobalIDString = E17F90132ABBC84400231B68;
			remoteInfo = SlotMachine;
		};
		E17F902F2ABBC84600231B68 /* PBXContainerItemProxy */ = {
			isa = PBXContainerItemProxy;
			containerPortal = E17F900C2ABBC84400231B68 /* Project object */;
			proxyType = 1;
			remoteGlobalIDString = E17F90132ABBC84400231B68;
			remoteInfo = SlotMachine;
		};
/* End PBXContainerItemProxy section */

/* Begin PBXFileReference section */
		E17F90142ABBC84400231B68 /* SlotMachine.app */ = {isa = PBXFileReference; explicitFileType = wrapper.application; includeInIndex = 0; path = SlotMachine.app; sourceTree = BUILT_PRODUCTS_DIR; };
		E17F90172ABBC84400231B68 /* SlotMachineApp.swift */ = {isa = PBXFileReference; lastKnownFileType = sourcecode.swift; path = SlotMachineApp.swift; sourceTree = "<group>"; };
		E17F90192ABBC84400231B68 /* ContentView.swift */ = {isa = PBXFileReference; lastKnownFileType = sourcecode.swift; path = ContentView.swift; sourceTree = "<group>"; };
		E17F901B2ABBC84600231B68 /* Assets.xcassets */ = {isa = PBXFileReference; lastKnownFileType = folder.assetcatalog; path = Assets.xcassets; sourceTree = "<group>"; };
		E17F901E2ABBC84600231B68 /* Preview Assets.xcassets */ = {isa = PBXFileReference; lastKnownFileType = folder.assetcatalog; path = "Preview Assets.xcassets"; sourceTree = "<group>"; };
		E17F90242ABBC84600231B68 /* SlotMachineTests.xctest */ = {isa = PBXFileReference; explicitFileType = wrapper.cfbundle; includeInIndex = 0; path = SlotMachineTests.xctest; sourceTree = BUILT_PRODUCTS_DIR; };
		E17F90282ABBC84600231B68 /* SlotMachineTests.swift */ = {isa = PBXFileReference; lastKnownFileType = sourcecode.swift; path = SlotMachineTests.swift; sourceTree = "<group>"; };
		E17F902E2ABBC84600231B68 /* SlotMachineUITests.xctest */ = {isa = PBXFileReference; explicitFileType = wrapper.cfbundle; includeInIndex = 0; path = SlotMachineUITests.xctest; sourceTree = BUILT_PRODUCTS_DIR; };
		E17F90322ABBC84600231B68 /* SlotMachineUITests.swift */ = {isa = PBXFileReference; lastKnownFileType = sourcecode.swift; path = SlotMachineUITests.swift; sourceTree = "<group>"; };
		E17F90342ABBC84600231B68 /* SlotMachineUITestsLaunchTests.swift */ = {isa = PBXFileReference; lastKnownFileType = sourcecode.swift; path = SlotMachineUITestsLaunchTests.swift; sourceTree = "<group>"; };
/* End PBXFileReference section */

/* Begin PBXFrameworksBuildPhase section */
		E17F90112ABBC84400231B68 /* Frameworks */ = {
			isa = PBXFrameworksBuildPhase;
			buildActionMask = 2147483647;
			files = (
			);
			runOnlyForDeploymentPostprocessing = 0;
		};
		E17F90212ABBC84600231B68 /* Frameworks */ = {
			isa = PBXFrameworksBuildPhase;
			buildActionMask = 2147483647;
			files = (
			);
			runOnlyForDeploymentPostprocessing = 0;
		};
		E17F902B2ABBC84600231B68 /* Frameworks */ = {
			isa = PBXFrameworksBuildPhase;
			buildActionMask = 2147483647;
			files = (
			);
			runOnlyForDeploymentPostprocessing = 0;
		};
/* End PBXFrameworksBuildPhase section */

/* Begin PBXGroup section */
		E17F900B2ABBC84400231B68 = {
			isa = PBXGroup;
			children = (
				E17F90162ABBC84400231B68 /* SlotMachine */,
				E17F90272ABBC84600231B68 /* SlotMachineTests */,
				E17F90312ABBC84600231B68 /* SlotMachineUITests */,
				E17F90152ABBC84400231B68 /* Products */,
			);
			sourceTree = "<group>";
		};
		E17F90152ABBC84400231B68 /* Products */ = {
			isa = PBXGroup;
			children = (
				E17F90142ABBC84400231B68 /* SlotMachine.app */,
				E17F90242ABBC84600231B68 /* SlotMachineTests.xctest */,
				E17F902E2ABBC84600231B68 /* SlotMachineUITests.xctest */,
			);
			name = Products;
			sourceTree = "<group>";
		};
		E17F90162ABBC84400231B68 /* SlotMachine */ = {
			isa = PBXGroup;
			children = (
				E17F90172ABBC84400231B68 /* SlotMachineApp.swift */,
				E17F90192ABBC84400231B68 /* ContentView.swift */,
				E17F901B2ABBC84600231B68 /* Assets.xcassets */,
				E17F901D2ABBC84600231B68 /* Preview Content */,
			);
			path = SlotMachine;
			sourceTree = "<group>";
		};
		E17F901D2ABBC84600231B68 /* Preview Content */ = {
			isa = PBXGroup;
			children = (
				E17F901E2ABBC84600231B68 /* Preview Assets.xcassets */,
			);
			path = "Preview Content";
			sourceTree = "<group>";
		};
		E17F90272ABBC84600231B68 /* SlotMachineTests */ = {
			isa = PBXGroup;
			children = (
				E17F90282ABBC84600231B68 /* SlotMachineTests.swift */,
			);
			path = SlotMachineTests;
			sourceTree = "<group>";
		};
		E17F90312ABBC84600231B68 /* SlotMachineUITests */ = {
			isa = PBXGroup;
			children = (
				E17F90322ABBC84600231B68 /* SlotMachineUITests.swift */,
				E17F90342ABBC84600231B68 /* SlotMachineUITestsLaunchTests.swift */,
			);
			path = SlotMachineUITests;
			sourceTree = "<group>";
		};
/* End PBXGroup section */

/* Begin PBXNativeTarget section */
		E17F90132ABBC84400231B68 /* SlotMachine */ = {
			isa = PBXNativeTarget;
			buildConfigurationList = E17F90382ABBC84600231B68 /* Build configuration list for PBXNativeTarget "SlotMachine" */;
			buildPhases = (
				E17F90102ABBC84400231B68 /* Sources */,
				E17F90112ABBC84400231B68 /* Frameworks */,
				E17F90122ABBC84400231B68 /* Resources */,
			);
			buildRules = (
			);
			dependencies = (
			);
			name = SlotMachine;
			productName = SlotMachine;
			productReference = E17F90142ABBC84400231B68 /* SlotMachine.app */;
			productType = "com.apple.product-type.application";
		};
		E17F90232ABBC84600231B68 /* SlotMachineTests */ = {
			isa = PBXNativeTarget;
			buildConfigurationList = E17F903B2ABBC84600231B68 /* Build configuration list for PBXNativeTarget "SlotMachineTests" */;
			buildPhases = (
				E17F90202ABBC84600231B68 /* Sources */,
				E17F90212ABBC84600231B68 /* Frameworks */,
				E17F90222ABBC84600231B68 /* Resources */,
			);
			buildRules = (
			);
			dependencies = (
				E17F90262ABBC84600231B68 /* PBXTargetDependency */,
			);
			name = SlotMachineTests;
			productName = SlotMachineTests;
			productReference = E17F90242ABBC84600231B68 /* SlotMachineTests.xctest */;
			productType = "com.apple.product-type.bundle.unit-test";
		};
		E17F902D2ABBC84600231B68 /* SlotMachineUITests */ = {
			isa = PBXNativeTarget;
			buildConfigurationList = E17F903E2ABBC84600231B68 /* Build configuration list for PBXNativeTarget "SlotMachineUITests" */;
			buildPhases = (
				E17F902A2ABBC84600231B68 /* Sources */,
				E17F902B2ABBC84600231B68 /* Frameworks */,
				E17F902C2ABBC84600231B68 /* Resources */,
			);
			buildRules = (
			);
			dependencies = (
				E17F90302ABBC84600231B68 /* PBXTargetDependency */,
			);
			name = SlotMachineUITests;
			productName = SlotMachineUITests;
			productReference = E17F902E2ABBC84600231B68 /* SlotMachineUITests.xctest */;
			productType = "com.apple.product-type.bundle.ui-testing";
		};
/* End PBXNativeTarget section */

/* Begin PBXProject section */
		E17F900C2ABBC84400231B68 /* Project object */ = {
			isa = PBXProject;
			attributes = {
				BuildIndependentTargetsInParallel = 1;
				LastSwiftUpdateCheck = 1430;
				LastUpgradeCheck = 1430;
				TargetAttributes = {
					E17F90132ABBC84400231B68 = {
						CreatedOnToolsVersion = 14.3.1;
					};
					E17F90232ABBC84600231B68 = {
						CreatedOnToolsVersion = 14.3.1;
						TestTargetID = E17F90132ABBC84400231B68;
					};
					E17F902D2ABBC84600231B68 = {
						CreatedOnToolsVersion = 14.3.1;
						TestTargetID = E17F90132ABBC84400231B68;
					};
				};
			};
			buildConfigurationList = E17F900F2ABBC84400231B68 /* Build configuration list for PBXProject "SlotMachine" */;
			compatibilityVersion = "Xcode 14.0";
			developmentRegion = en;
			hasScannedForEncodings = 0;
			knownRegions = (
				en,
				Base,
			);
			mainGroup = E17F900B2ABBC84400231B68;
			productRefGroup = E17F90152ABBC84400231B68 /* Products */;
			projectDirPath = "";
			projectRoot = "";
			targets = (
				E17F90132ABBC84400231B68 /* SlotMachine */,
				E17F90232ABBC84600231B68 /* SlotMachineTests */,
				E17F902D2ABBC84600231B68 /* SlotMachineUITests */,
			);
		};
/* End PBXProject section */

/* Begin PBXResourcesBuildPhase section */
		E17F90122ABBC84400231B68 /* Resources */ = {
			isa = PBXResourcesBuildPhase;
			buildActionMask = 2147483647;
			files = (
				E17F901F2ABBC84600231B68 /* Preview Assets.xcassets in Resources */,
				E17F901C2ABBC84600231B68 /* Assets.xcassets in Resources */,
			);
			runOnlyForDeploymentPostprocessing = 0;
		};
		E17F90222ABBC84600231B68 /* Resources */ = {
			isa = PBXResourcesBuildPhase;
			buildActionMask = 2147483647;
			files = (
			);
			runOnlyForDeploymentPostprocessing = 0;
		};
		E17F902C2ABBC84600231B68 /* Resources */ = {
			isa = PBXResourcesBuildPhase;
			buildActionMask = 2147483647;
			files = (
			);
			runOnlyForDeploymentPostprocessing = 0;
		};
/* End PBXResourcesBuildPhase section */

/* Begin PBXSourcesBuildPhase section */
		E17F90102ABBC84400231B68 /* Sources */ = {
			isa = PBXSourcesBuildPhase;
			buildActionMask = 2147483647;
			files = (
				E17F901A2ABBC84400231B68 /* ContentView.swift in Sources */,
				E17F90182ABBC84400231B68 /* SlotMachineApp.swift in Sources */,
			);
			runOnlyForDeploymentPostprocessing = 0;
		};
		E17F90202ABBC84600231B68 /* Sources */ = {
			isa = PBXSourcesBuildPhase;
			buildActionMask = 2147483647;
			files = (
				E17F90292ABBC84600231B68 /* SlotMachineTests.swift in Sources */,
			);
			runOnlyForDeploymentPostprocessing = 0;
		};
		E17F902A2ABBC84600231B68 /* Sources */ = {
			isa = PBXSourcesBuildPhase;
			buildActionMask = 2147483647;
			files = (
				E17F90352ABBC84600231B68 /* SlotMachineUITestsLaunchTests.swift in Sources */,
				E17F90332ABBC84600231B68 /* SlotMachineUITests.swift in Sources */,
			);
			runOnlyForDeploymentPostprocessing = 0;
		};
/* End PBXSourcesBuildPhase section */

/* Begin PBXTargetDependency section */
		E17F90262ABBC84600231B68 /* PBXTargetDependency */ = {
			isa = PBXTargetDependency;
			target = E17F90132ABBC84400231B68 /* SlotMachine */;
			targetProxy = E17F90252ABBC84600231B68 /* PBXContainerItemProxy */;
		};
		E17F90302ABBC84600231B68 /* PBXTargetDependency */ = {
			isa = PBXTargetDependency;
			target = E17F90132ABBC84400231B68 /* SlotMachine */;
			targetProxy = E17F902F2ABBC84600231B68 /* PBXContainerItemProxy */;
		};
/* End PBXTargetDependency section */

/* Begin XCBuildConfiguration section */
		E17F90362ABBC84600231B68 /* Debug */ = {
			isa = XCBuildConfiguration;
			buildSettings = {
				ALWAYS_SEARCH_USER_PATHS = NO;
				CLANG_ANALYZER_NONNULL = YES;
				CLANG_ANALYZER_NUMBER_OBJECT_CONVERSION = YES_AGGRESSIVE;
				CLANG_CXX_LANGUAGE_STANDARD = "gnu++20";
				CLANG_ENABLE_MODULES = YES;
				CLANG_ENABLE_OBJC_ARC = YES;
				CLANG_ENABLE_OBJC_WEAK = YES;
				CLANG_WARN_BLOCK_CAPTURE_AUTORELEASING = YES;
				CLANG_WARN_BOOL_CONVERSION = YES;
				CLANG_WARN_COMMA = YES;
				CLANG_WARN_CONSTANT_CONVERSION = YES;
				CLANG_WARN_DEPRECATED_OBJC_IMPLEMENTATIONS = YES;
				CLANG_WARN_DIRECT_OBJC_ISA_USAGE = YES_ERROR;
				CLANG_WARN_DOCUMENTATION_COMMENTS = YES;
				CLANG_WARN_EMPTY_BODY = YES;
				CLANG_WARN_ENUM_CONVERSION = YES;
				CLANG_WARN_INFINITE_RECURSION = YES;
				CLANG_WARN_INT_CONVERSION = YES;
				CLANG_WARN_NON_LITERAL_NULL_CONVERSION = YES;
				CLANG_WARN_OBJC_IMPLICIT_RETAIN_SELF = YES;
				CLANG_WARN_OBJC_LITERAL_CONVERSION = YES;
				CLANG_WARN_OBJC_ROOT_CLASS = YES_ERROR;
				CLANG_WARN_QUOTED_INCLUDE_IN_FRAMEWORK_HEADER = YES;
				CLANG_WARN_RANGE_LOOP_ANALYSIS = YES;
				CLANG_WARN_STRICT_PROTOTYPES = YES;
				CLANG_WARN_SUSPICIOUS_MOVE = YES;
				CLANG_WARN_UNGUARDED_AVAILABILITY = YES_AGGRESSIVE;
				CLANG_WARN_UNREACHABLE_CODE = YES;
				CLANG_WARN__DUPLICATE_METHOD_MATCH = YES;
				COPY_PHASE_STRIP = NO;
				DEBUG_INFORMATION_FORMAT = dwarf;
				ENABLE_STRICT_OBJC_MSGSEND = YES;
				ENABLE_TESTABILITY = YES;
				GCC_C_LANGUAGE_STANDARD = gnu11;
				GCC_DYNAMIC_NO_PIC = NO;
				GCC_NO_COMMON_BLOCKS = YES;
				GCC_OPTIMIZATION_LEVEL = 0;
				GCC_PREPROCESSOR_DEFINITIONS = (
					"DEBUG=1",
					"$(inherited)",
				);
				GCC_WARN_64_TO_32_BIT_CONVERSION = YES;
				GCC_WARN_ABOUT_RETURN_TYPE = YES_ERROR;
				GCC_WARN_UNDECLARED_SELECTOR = YES;
				GCC_WARN_UNINITIALIZED_AUTOS = YES_AGGRESSIVE;
				GCC_WARN_UNUSED_FUNCTION = YES;
				GCC_WARN_UNUSED_VARIABLE = YES;
				IPHONEOS_DEPLOYMENT_TARGET = 16.4;
				MTL_ENABLE_DEBUG_INFO = INCLUDE_SOURCE;
				MTL_FAST_MATH = YES;
				ONLY_ACTIVE_ARCH = YES;
				SDKROOT = iphoneos;
				SWIFT_ACTIVE_COMPILATION_CONDITIONS = DEBUG;
				SWIFT_OPTIMIZATION_LEVEL = "-Onone";
			};
			name = Debug;
		};
		E17F90372ABBC84600231B68 /* Release */ = {
			isa = XCBuildConfiguration;
			buildSettings = {
				ALWAYS_SEARCH_USER_PATHS = NO;
				CLANG_ANALYZER_NONNULL = YES;
				CLANG_ANALYZER_NUMBER_OBJECT_CONVERSION = YES_AGGRESSIVE;
				CLANG_CXX_LANGUAGE_STANDARD = "gnu++20";
				CLANG_ENABLE_MODULES = YES;
				CLANG_ENABLE_OBJC_ARC = YES;
				CLANG_ENABLE_OBJC_WEAK = YES;
				CLANG_WARN_BLOCK_CAPTURE_AUTORELEASING = YES;
				CLANG_WARN_BOOL_CONVERSION = YES;
				CLANG_WARN_COMMA = YES;
				CLANG_WARN_CONSTANT_CONVERSION = YES;
				CLANG_WARN_DEPRECATED_OBJC_IMPLEMENTATIONS = YES;
				CLANG_WARN_DIRECT_OBJC_ISA_USAGE = YES_ERROR;
				CLANG_WARN_DOCUMENTATION_COMMENTS = YES;
				CLANG_WARN_EMPTY_BODY = YES;
				CLANG_WARN_ENUM_CONVERSION = YES;
				CLANG_WARN_INFINITE_RECURSION = YES;
				CLANG_WARN_INT_CONVERSION = YES;
				CLANG_WARN_NON_LITERAL_NULL_CONVERSION = YES;
				CLANG_WARN_OBJC_IMPLICIT_RETAIN_SELF = YES;
				CLANG_WARN_OBJC_LITERAL_CONVERSION = YES;
				CLANG_WARN_OBJC_ROOT_CLASS = YES_ERROR;
				CLANG_WARN_QUOTED_INCLUDE_IN_FRAMEWORK_HEADER = YES;
				CLANG_WARN_RANGE_LOOP_ANALYSIS = YES;
				CLANG_WARN_STRICT_PROTOTYPES = YES;
				CLANG_WARN_SUSPICIOUS_MOVE = YES;
				CLANG_WARN_UNGUARDED_AVAILABILITY = YES_AGGRESSIVE;
				CLANG_WARN_UNREACHABLE_CODE = YES;
				CLANG_WARN__DUPLICATE_METHOD_MATCH = YES;
				COPY_PHASE_STRIP = NO;
				DEBUG_INFORMATION_FORMAT = "dwarf-with-dsym";
				ENABLE_NS_ASSERTIONS = NO;
				ENABLE_STRICT_OBJC_MSGSEND = YES;
				GCC_C_LANGUAGE_STANDARD = gnu11;
				GCC_NO_COMMON_BLOCKS = YES;
				GCC_WARN_64_TO_32_BIT_CONVERSION = YES;
				GCC_WARN_ABOUT_RETURN_TYPE = YES_ERROR;
				GCC_WARN_UNDECLARED_SELECTOR = YES;
				GCC_WARN_UNINITIALIZED_AUTOS = YES_AGGRESSIVE;
				GCC_WARN_UNUSED_FUNCTION = YES;
				GCC_WARN_UNUSED_VARIABLE = YES;
				IPHONEOS_DEPLOYMENT_TARGET = 16.4;
				MTL_ENABLE_DEBUG_INFO = NO;
				MTL_FAST_MATH = YES;
				SDKROOT = iphoneos;
				SWIFT_COMPILATION_MODE = wholemodule;
				SWIFT_OPTIMIZATION_LEVEL = "-O";
				VALIDATE_PRODUCT = YES;
			};
			name = Release;
		};
		E17F90392ABBC84600231B68 /* Debug */ = {
			isa = XCBuildConfiguration;
			buildSettings = {
				ASSETCATALOG_COMPILER_APPICON_NAME = AppIcon;
				ASSETCATALOG_COMPILER_GLOBAL_ACCENT_COLOR_NAME = AccentColor;
				CODE_SIGN_STYLE = Automatic;
				CURRENT_PROJECT_VERSION = 1;
				DEVELOPMENT_ASSET_PATHS = "\"SlotMachine/Preview Content\"";
				DEVELOPMENT_TEAM = P68Z9W5GH2;
				ENABLE_PREVIEWS = YES;
				GENERATE_INFOPLIST_FILE = YES;
				INFOPLIST_KEY_UIApplicationSceneManifest_Generation = YES;
				INFOPLIST_KEY_UIApplicationSupportsIndirectInputEvents = YES;
				INFOPLIST_KEY_UILaunchScreen_Generation = YES;
				INFOPLIST_KEY_UISupportedInterfaceOrientations_iPad = "UIInterfaceOrientationPortrait UIInterfaceOrientationPortraitUpsideDown UIInterfaceOrientationLandscapeLeft UIInterfaceOrientationLandscapeRight";
				INFOPLIST_KEY_UISupportedInterfaceOrientations_iPhone = "UIInterfaceOrientationPortrait UIInterfaceOrientationLandscapeLeft UIInterfaceOrientationLandscapeRight";
				LD_RUNPATH_SEARCH_PATHS = (
					"$(inherited)",
					"@executable_path/Frameworks",
				);
				MARKETING_VERSION = 1.0;
				PRODUCT_BUNDLE_IDENTIFIER = com.reyabsaluja.SlotMachine;
				PRODUCT_NAME = "$(TARGET_NAME)";
				SWIFT_EMIT_LOC_STRINGS = YES;
				SWIFT_VERSION = 5.0;
				TARGETED_DEVICE_FAMILY = "1,2";
			};
			name = Debug;
		};
		E17F903A2ABBC84600231B68 /* Release */ = {
			isa = XCBuildConfiguration;
			buildSettings = {
				ASSETCATALOG_COMPILER_APPICON_NAME = AppIcon;
				ASSETCATALOG_COMPILER_GLOBAL_ACCENT_COLOR_NAME = AccentColor;
				CODE_SIGN_STYLE = Automatic;
				CURRENT_PROJECT_VERSION = 1;
				DEVELOPMENT_ASSET_PATHS = "\"SlotMachine/Preview Content\"";
				DEVELOPMENT_TEAM = P68Z9W5GH2;
				ENABLE_PREVIEWS = YES;
				GENERATE_INFOPLIST_FILE = YES;
				INFOPLIST_KEY_UIApplicationSceneManifest_Generation = YES;
				INFOPLIST_KEY_UIApplicationSupportsIndirectInputEvents = YES;
				INFOPLIST_KEY_UILaunchScreen_Generation = YES;
				INFOPLIST_KEY_UISupportedInterfaceOrientations_iPad = "UIInterfaceOrientationPortrait UIInterfaceOrientationPortraitUpsideDown UIInterfaceOrientationLandscapeLeft UIInterfaceOrientationLandscapeRight";
				INFOPLIST_KEY_UISupportedInterfaceOrientations_iPhone = "UIInterfaceOrientationPortrait UIInterfaceOrientationLandscapeLeft UIInterfaceOrientationLandscapeRight";
				LD_RUNPATH_SEARCH_PATHS = (
					"$(inherited)",
					"@executable_path/Frameworks",
				);
				MARKETING_VERSION = 1.0;
				PRODUCT_BUNDLE_IDENTIFIER = com.reyabsaluja.SlotMachine;
				PRODUCT_NAME = "$(TARGET_NAME)";
				SWIFT_EMIT_LOC_STRINGS = YES;
				SWIFT_VERSION = 5.0;
				TARGETED_DEVICE_FAMILY = "1,2";
			};
			name = Release;
		};
		E17F903C2ABBC84600231B68 /* Debug */ = {
			isa = XCBuildConfiguration;
			buildSettings = {
				ALWAYS_EMBED_SWIFT_STANDARD_LIBRARIES = YES;
				BUNDLE_LOADER = "$(TEST_HOST)";
				CODE_SIGN_STYLE = Automatic;
				CURRENT_PROJECT_VERSION = 1;
				DEVELOPMENT_TEAM = P68Z9W5GH2;
				GENERATE_INFOPLIST_FILE = YES;
				IPHONEOS_DEPLOYMENT_TARGET = 16.4;
				MARKETING_VERSION = 1.0;
				PRODUCT_BUNDLE_IDENTIFIER = com.reyabsaluja.SlotMachineTests;
				PRODUCT_NAME = "$(TARGET_NAME)";
				SWIFT_EMIT_LOC_STRINGS = NO;
				SWIFT_VERSION = 5.0;
				TARGETED_DEVICE_FAMILY = "1,2";
				TEST_HOST = "$(BUILT_PRODUCTS_DIR)/SlotMachine.app/$(BUNDLE_EXECUTABLE_FOLDER_PATH)/SlotMachine";
			};
			name = Debug;
		};
		E17F903D2ABBC84600231B68 /* Release */ = {
			isa = XCBuildConfiguration;
			buildSettings = {
				ALWAYS_EMBED_SWIFT_STANDARD_LIBRARIES = YES;
				BUNDLE_LOADER = "$(TEST_HOST)";
				CODE_SIGN_STYLE = Automatic;
				CURRENT_PROJECT_VERSION = 1;
				DEVELOPMENT_TEAM = P68Z9W5GH2;
				GENERATE_INFOPLIST_FILE = YES;
				IPHONEOS_DEPLOYMENT_TARGET = 16.4;
				MARKETING_VERSION = 1.0;
				PRODUCT_BUNDLE_IDENTIFIER = com.reyabsaluja.SlotMachineTests;
				PRODUCT_NAME = "$(TARGET_NAME)";
				SWIFT_EMIT_LOC_STRINGS = NO;
				SWIFT_VERSION = 5.0;
				TARGETED_DEVICE_FAMILY = "1,2";
				TEST_HOST = "$(BUILT_PRODUCTS_DIR)/SlotMachine.app/$(BUNDLE_EXECUTABLE_FOLDER_PATH)/SlotMachine";
			};
			name = Release;
		};
		E17F903F2ABBC84600231B68 /* Debug */ = {
			isa = XCBuildConfiguration;
			buildSettings = {
				ALWAYS_EMBED_SWIFT_STANDARD_LIBRARIES = YES;
				CODE_SIGN_STYLE = Automatic;
				CURRENT_PROJECT_VERSION = 1;
				DEVELOPMENT_TEAM = P68Z9W5GH2;
				GENERATE_INFOPLIST_FILE = YES;
				MARKETING_VERSION = 1.0;
				PRODUCT_BUNDLE_IDENTIFIER = com.reyabsaluja.SlotMachineUITests;
				PRODUCT_NAME = "$(TARGET_NAME)";
				SWIFT_EMIT_LOC_STRINGS = NO;
				SWIFT_VERSION = 5.0;
				TARGETED_DEVICE_FAMILY = "1,2";
				TEST_TARGET_NAME = SlotMachine;
			};
			name = Debug;
		};
		E17F90402ABBC84600231B68 /* Release */ = {
			isa = XCBuildConfiguration;
			buildSettings = {
				ALWAYS_EMBED_SWIFT_STANDARD_LIBRARIES = YES;
				CODE_SIGN_STYLE = Automatic;
				CURRENT_PROJECT_VERSION = 1;
				DEVELOPMENT_TEAM = P68Z9W5GH2;
				GENERATE_INFOPLIST_FILE = YES;
				MARKETING_VERSION = 1.0;
				PRODUCT_BUNDLE_IDENTIFIER = com.reyabsaluja.SlotMachineUITests;
				PRODUCT_NAME = "$(TARGET_NAME)";
				SWIFT_EMIT_LOC_STRINGS = NO;
				SWIFT_VERSION = 5.0;
				TARGETED_DEVICE_FAMILY = "1,2";
				TEST_TARGET_NAME = SlotMachine;
			};
			name = Release;
		};
/* End XCBuildConfiguration section */

/* Begin XCConfigurationList section */
		E17F900F2ABBC84400231B68 /* Build configuration list for PBXProject "SlotMachine" */ = {
			isa = XCConfigurationList;
			buildConfigurations = (
				E17F90362ABBC84600231B68 /* Debug */,
				E17F90372ABBC84600231B68 /* Release */,
			);
			defaultConfigurationIsVisible = 0;
			defaultConfigurationName = Release;
		};
		E17F90382ABBC84600231B68 /* Build configuration list for PBXNativeTarget "SlotMachine" */ = {
			isa = XCConfigurationList;
			buildConfigurations = (
				E17F90392ABBC84600231B68 /* Debug */,
				E17F903A2ABBC84600231B68 /* Release */,
			);
			defaultConfigurationIsVisible = 0;
			defaultConfigurationName = Release;
		};
		E17F903B2ABBC84600231B68 /* Build configuration list for PBXNativeTarget "SlotMachineTests" */ = {
			isa = XCConfigurationList;
			buildConfigurations = (
				E17F903C2ABBC84600231B68 /* Debug */,
				E17F903D2ABBC84600231B68 /* Release */,
			);
			defaultConfigurationIsVisible = 0;
			defaultConfigurationName = Release;
		};
		E17F903E2ABBC84600231B68 /* Build configuration list for PBXNativeTarget "SlotMachineUITests" */ = {
			isa = XCConfigurationList;
			buildConfigurations = (
				E17F903F2ABBC84600231B68 /* Debug */,
				E17F90402ABBC84600231B68 /* Release */,
			);
			defaultConfigurationIsVisible = 0;
			defaultConfigurationName = Release;
		};
/* End XCConfigurationList section */
	};
	rootObject = E17F900C2ABBC84400231B68 /* Project object */;
}
